{
    "version": 3,
    "terraform_version": "0.10.3",
    "serial": 49,
    "lineage": "4b63ce8a-36cd-4fbd-b52a-a5d0f8e75fa2",
    "modules": [
        {
            "path": [
                "root"
            ],
            "outputs": {
                "Private_DB-1": {
                    "sensitive": false,
                    "type": "string",
                    "value": "10.0.1.100"
                },
                "Private_NAT_GW": {
                    "sensitive": false,
                    "type": "string",
                    "value": "10.0.0.73"
                },
                "Private_Web-1": {
                    "sensitive": false,
                    "type": "string",
                    "value": "10.0.0.100"
                },
                "Public_NAT_GW": {
                    "sensitive": false,
                    "type": "string",
                    "value": "34.207.49.208"
                },
                "Public_Web-1": {
                    "sensitive": false,
                    "type": "string",
                    "value": "34.231.179.199"
                }
            },
            "resources": {
                "aws_eip.nat": {
                    "type": "aws_eip",
                    "depends_on": [
                        "aws_instance.nat"
                    ],
                    "primary": {
                        "id": "eipalloc-d78f90e4",
                        "attributes": {
                            "association_id": "eipassoc-31ac0d05",
                            "domain": "vpc",
                            "id": "eipalloc-d78f90e4",
                            "instance": "i-0e0ad7f0f29854ed4",
                            "network_interface": "eni-58a3e98c",
                            "private_ip": "10.0.0.73",
                            "public_ip": "34.207.49.208",
                            "vpc": "true"
                        },
                        "meta": {},
                        "tainted": false
                    },
                    "deposed": [],
                    "provider": ""
                },
                "aws_eip.web-1": {
                    "type": "aws_eip",
                    "depends_on": [
                        "aws_instance.web-1"
                    ],
                    "primary": {
                        "id": "eipalloc-52908f61",
                        "attributes": {
                            "association_id": "eipassoc-66b31252",
                            "domain": "vpc",
                            "id": "eipalloc-52908f61",
                            "instance": "i-0714db9f43cb59ec5",
                            "network_interface": "eni-5fa3e98b",
                            "private_ip": "10.0.0.100",
                            "public_ip": "34.231.179.199",
                            "vpc": "true"
                        },
                        "meta": {},
                        "tainted": false
                    },
                    "deposed": [],
                    "provider": ""
                },
                "aws_instance.db-1": {
                    "type": "aws_instance",
                    "depends_on": [
                        "aws_security_group.db",
                        "aws_subnet.us-east-1-private"
                    ],
                    "primary": {
                        "id": "i-02c930d13f167809a",
                        "attributes": {
                            "ami": "ami-c998b6b2",
                            "associate_public_ip_address": "false",
                            "availability_zone": "us-east-1b",
                            "disable_api_termination": "false",
                            "ebs_block_device.#": "0",
                            "ebs_optimized": "false",
                            "ephemeral_block_device.#": "0",
                            "iam_instance_profile": "",
                            "id": "i-02c930d13f167809a",
                            "instance_state": "running",
                            "instance_type": "t2.micro",
                            "ipv6_addresses.#": "0",
                            "key_name": "ljubon-key-webapp",
                            "monitoring": "false",
                            "network_interface.#": "0",
                            "network_interface_id": "eni-a1a2e875",
                            "primary_network_interface_id": "eni-a1a2e875",
                            "private_dns": "ip-10-0-1-100.ec2.internal",
                            "private_ip": "10.0.1.100",
                            "public_dns": "",
                            "public_ip": "",
                            "root_block_device.#": "1",
                            "root_block_device.0.delete_on_termination": "true",
                            "root_block_device.0.iops": "100",
                            "root_block_device.0.volume_size": "10",
                            "root_block_device.0.volume_type": "gp2",
                            "security_groups.#": "0",
                            "source_dest_check": "false",
                            "subnet_id": "subnet-d200199a",
                            "tags.%": "1",
                            "tags.Name": "DB Server 1",
                            "tenancy": "default",
                            "volume_tags.%": "0",
                            "vpc_security_group_ids.#": "1",
                            "vpc_security_group_ids.2836422823": "sg-b82f01c8"
                        },
                        "meta": {
                            "e2bfb730-ecaa-11e6-8f88-34363bc7c4c0": {
                                "create": 600000000000,
                                "delete": 600000000000,
                                "update": 600000000000
                            },
                            "schema_version": "1"
                        },
                        "tainted": false
                    },
                    "deposed": [],
                    "provider": ""
                },
                "aws_instance.nat": {
                    "type": "aws_instance",
                    "depends_on": [
                        "aws_security_group.nat",
                        "aws_subnet.us-east-1-public"
                    ],
                    "primary": {
                        "id": "i-0e0ad7f0f29854ed4",
                        "attributes": {
                            "ami": "ami-293a183f",
                            "associate_public_ip_address": "true",
                            "availability_zone": "us-east-1b",
                            "disable_api_termination": "false",
                            "ebs_block_device.#": "0",
                            "ebs_optimized": "false",
                            "ephemeral_block_device.#": "0",
                            "iam_instance_profile": "",
                            "id": "i-0e0ad7f0f29854ed4",
                            "instance_state": "running",
                            "instance_type": "t2.micro",
                            "ipv6_addresses.#": "0",
                            "key_name": "ljubon-key-webapp",
                            "monitoring": "false",
                            "network_interface.#": "0",
                            "network_interface_id": "eni-58a3e98c",
                            "primary_network_interface_id": "eni-58a3e98c",
                            "private_dns": "ip-10-0-0-73.ec2.internal",
                            "private_ip": "10.0.0.73",
                            "public_dns": "ec2-52-207-241-245.compute-1.amazonaws.com",
                            "public_ip": "52.207.241.245",
                            "root_block_device.#": "1",
                            "root_block_device.0.delete_on_termination": "true",
                            "root_block_device.0.iops": "0",
                            "root_block_device.0.volume_size": "8",
                            "root_block_device.0.volume_type": "standard",
                            "security_groups.#": "0",
                            "source_dest_check": "false",
                            "subnet_id": "subnet-a20f16ea",
                            "tags.%": "1",
                            "tags.Name": "VPC NAT",
                            "tenancy": "default",
                            "volume_tags.%": "0",
                            "vpc_security_group_ids.#": "1",
                            "vpc_security_group_ids.2825116422": "sg-2d59775d"
                        },
                        "meta": {
                            "e2bfb730-ecaa-11e6-8f88-34363bc7c4c0": {
                                "create": 600000000000,
                                "delete": 600000000000,
                                "update": 600000000000
                            },
                            "schema_version": "1"
                        },
                        "tainted": false
                    },
                    "deposed": [],
                    "provider": ""
                },
                "aws_instance.web-1": {
                    "type": "aws_instance",
                    "depends_on": [
                        "aws_security_group.web",
                        "aws_subnet.us-east-1-public"
                    ],
                    "primary": {
                        "id": "i-0714db9f43cb59ec5",
                        "attributes": {
                            "ami": "ami-c998b6b2",
                            "associate_public_ip_address": "true",
                            "availability_zone": "us-east-1b",
                            "disable_api_termination": "false",
                            "ebs_block_device.#": "0",
                            "ebs_optimized": "false",
                            "ephemeral_block_device.#": "0",
                            "iam_instance_profile": "",
                            "id": "i-0714db9f43cb59ec5",
                            "instance_state": "running",
                            "instance_type": "t2.micro",
                            "ipv6_addresses.#": "0",
                            "key_name": "ljubon-key-webapp",
                            "monitoring": "false",
                            "network_interface.#": "0",
                            "network_interface_id": "eni-5fa3e98b",
                            "primary_network_interface_id": "eni-5fa3e98b",
                            "private_dns": "ip-10-0-0-100.ec2.internal",
                            "private_ip": "10.0.0.100",
                            "public_dns": "ec2-54-242-139-172.compute-1.amazonaws.com",
                            "public_ip": "54.242.139.172",
                            "root_block_device.#": "1",
                            "root_block_device.0.delete_on_termination": "true",
                            "root_block_device.0.iops": "100",
                            "root_block_device.0.volume_size": "10",
                            "root_block_device.0.volume_type": "gp2",
                            "security_groups.#": "0",
                            "source_dest_check": "false",
                            "subnet_id": "subnet-a20f16ea",
                            "tags.%": "1",
                            "tags.Name": "Web Server 1",
                            "tenancy": "default",
                            "volume_tags.%": "0",
                            "vpc_security_group_ids.#": "1",
                            "vpc_security_group_ids.1419920652": "sg-44537d34"
                        },
                        "meta": {
                            "e2bfb730-ecaa-11e6-8f88-34363bc7c4c0": {
                                "create": 600000000000,
                                "delete": 600000000000,
                                "update": 600000000000
                            },
                            "schema_version": "1"
                        },
                        "tainted": false
                    },
                    "deposed": [],
                    "provider": ""
                },
                "aws_internet_gateway.default": {
                    "type": "aws_internet_gateway",
                    "depends_on": [
                        "aws_vpc.default"
                    ],
                    "primary": {
                        "id": "igw-b9190bdf",
                        "attributes": {
                            "id": "igw-b9190bdf",
                            "tags.%": "1",
                            "tags.Name": "InternetGateway",
                            "vpc_id": "vpc-aaf7c8d3"
                        },
                        "meta": {},
                        "tainted": false
                    },
                    "deposed": [],
                    "provider": ""
                },
                "aws_key_pair.ljubon-key-webapp": {
                    "type": "aws_key_pair",
                    "depends_on": [],
                    "primary": {
                        "id": "ljubon-key-webapp",
                        "attributes": {
                            "id": "ljubon-key-webapp",
                            "key_name": "ljubon-key-webapp",
                            "public_key": "---- BEGIN SSH2 PUBLIC KEY ----\r\nComment: \"rsa-key-20170902\"\r\nAAAAB3NzaC1yc2EAAAABJQAAAQEAq5qqnBbI+OMWrK7NH2tQwbm95lYK6FNSvRp5\r\nAPFIzUl6E3uAMn+V5c9fa400aD9OycMJu03QJNx1OB/IoX8XbSegUx8igYp/ZebZ\r\nilPkAq+F0Kzu9y/HaAAvwjg8LsicIdVmCGrtxPozZHKhBOWokAn4wctBTK/sXFvM\r\nKtelv4emqR+ESeu21KZB/tNfV/Kbs6wM98U/jIwTZ285n3k38l3JDAelC1fS/Rbg\r\naN++AWcxLKgnCiKenn1bcvB7487ObFoAwElM/n642FSILaRPZDvMByid/PngPb9n\r\nj2x/3veAmstWcPYP6xs6GvD4INrIMv0bLXfAdvjgEaWedds0ow==\r\n---- END SSH2 PUBLIC KEY ----"
                        },
                        "meta": {
                            "schema_version": "1"
                        },
                        "tainted": false
                    },
                    "deposed": [],
                    "provider": ""
                },
                "aws_route_table.us-east-1-private": {
                    "type": "aws_route_table",
                    "depends_on": [
                        "aws_instance.nat",
                        "aws_vpc.default"
                    ],
                    "primary": {
                        "id": "rtb-d710a8ac",
                        "attributes": {
                            "id": "rtb-d710a8ac",
                            "propagating_vgws.#": "0",
                            "route.#": "1",
                            "route.407188634.cidr_block": "0.0.0.0/0",
                            "route.407188634.egress_only_gateway_id": "",
                            "route.407188634.gateway_id": "",
                            "route.407188634.instance_id": "i-0e0ad7f0f29854ed4",
                            "route.407188634.ipv6_cidr_block": "",
                            "route.407188634.nat_gateway_id": "",
                            "route.407188634.network_interface_id": "",
                            "route.407188634.vpc_peering_connection_id": "",
                            "tags.%": "1",
                            "tags.Name": "Private Subnet",
                            "vpc_id": "vpc-aaf7c8d3"
                        },
                        "meta": {},
                        "tainted": false
                    },
                    "deposed": [],
                    "provider": ""
                },
                "aws_route_table.us-east-1-public": {
                    "type": "aws_route_table",
                    "depends_on": [
                        "aws_internet_gateway.default",
                        "aws_vpc.default"
                    ],
                    "primary": {
                        "id": "rtb-9909b1e2",
                        "attributes": {
                            "id": "rtb-9909b1e2",
                            "propagating_vgws.#": "0",
                            "route.#": "1",
                            "route.222591999.cidr_block": "0.0.0.0/0",
                            "route.222591999.egress_only_gateway_id": "",
                            "route.222591999.gateway_id": "igw-b9190bdf",
                            "route.222591999.instance_id": "",
                            "route.222591999.ipv6_cidr_block": "",
                            "route.222591999.nat_gateway_id": "",
                            "route.222591999.network_interface_id": "",
                            "route.222591999.vpc_peering_connection_id": "",
                            "tags.%": "1",
                            "tags.Name": "Public Subnet",
                            "vpc_id": "vpc-aaf7c8d3"
                        },
                        "meta": {},
                        "tainted": false
                    },
                    "deposed": [],
                    "provider": ""
                },
                "aws_route_table_association.us-east-1-private": {
                    "type": "aws_route_table_association",
                    "depends_on": [
                        "aws_route_table.us-east-1-private",
                        "aws_subnet.us-east-1-private"
                    ],
                    "primary": {
                        "id": "rtbassoc-22790058",
                        "attributes": {
                            "id": "rtbassoc-22790058",
                            "route_table_id": "rtb-d710a8ac",
                            "subnet_id": "subnet-d200199a"
                        },
                        "meta": {},
                        "tainted": false
                    },
                    "deposed": [],
                    "provider": ""
                },
                "aws_route_table_association.us-east-1-public": {
                    "type": "aws_route_table_association",
                    "depends_on": [
                        "aws_route_table.us-east-1-public",
                        "aws_subnet.us-east-1-public"
                    ],
                    "primary": {
                        "id": "rtbassoc-ac057cd6",
                        "attributes": {
                            "id": "rtbassoc-ac057cd6",
                            "route_table_id": "rtb-9909b1e2",
                            "subnet_id": "subnet-a20f16ea"
                        },
                        "meta": {},
                        "tainted": false
                    },
                    "deposed": [],
                    "provider": ""
                },
                "aws_security_group.db": {
                    "type": "aws_security_group",
                    "depends_on": [
                        "aws_security_group.web",
                        "aws_vpc.default"
                    ],
                    "primary": {
                        "id": "sg-b82f01c8",
                        "attributes": {
                            "description": "Allow incoming database connections.",
                            "egress.#": "3",
                            "egress.2214680975.cidr_blocks.#": "1",
                            "egress.2214680975.cidr_blocks.0": "0.0.0.0/0",
                            "egress.2214680975.from_port": "80",
                            "egress.2214680975.ipv6_cidr_blocks.#": "0",
                            "egress.2214680975.prefix_list_ids.#": "0",
                            "egress.2214680975.protocol": "tcp",
                            "egress.2214680975.security_groups.#": "0",
                            "egress.2214680975.self": "false",
                            "egress.2214680975.to_port": "80",
                            "egress.2541437006.cidr_blocks.#": "1",
                            "egress.2541437006.cidr_blocks.0": "0.0.0.0/0",
                            "egress.2541437006.from_port": "22",
                            "egress.2541437006.ipv6_cidr_blocks.#": "0",
                            "egress.2541437006.prefix_list_ids.#": "0",
                            "egress.2541437006.protocol": "tcp",
                            "egress.2541437006.security_groups.#": "0",
                            "egress.2541437006.self": "false",
                            "egress.2541437006.to_port": "22",
                            "egress.2617001939.cidr_blocks.#": "1",
                            "egress.2617001939.cidr_blocks.0": "0.0.0.0/0",
                            "egress.2617001939.from_port": "443",
                            "egress.2617001939.ipv6_cidr_blocks.#": "0",
                            "egress.2617001939.prefix_list_ids.#": "0",
                            "egress.2617001939.protocol": "tcp",
                            "egress.2617001939.security_groups.#": "0",
                            "egress.2617001939.self": "false",
                            "egress.2617001939.to_port": "443",
                            "id": "sg-b82f01c8",
                            "ingress.#": "5",
                            "ingress.1536491810.cidr_blocks.#": "0",
                            "ingress.1536491810.from_port": "3306",
                            "ingress.1536491810.ipv6_cidr_blocks.#": "0",
                            "ingress.1536491810.protocol": "tcp",
                            "ingress.1536491810.security_groups.#": "1",
                            "ingress.1536491810.security_groups.1419920652": "sg-44537d34",
                            "ingress.1536491810.self": "false",
                            "ingress.1536491810.to_port": "3306",
                            "ingress.1799340084.cidr_blocks.#": "1",
                            "ingress.1799340084.cidr_blocks.0": "0.0.0.0/0",
                            "ingress.1799340084.from_port": "-1",
                            "ingress.1799340084.ipv6_cidr_blocks.#": "0",
                            "ingress.1799340084.protocol": "icmp",
                            "ingress.1799340084.security_groups.#": "0",
                            "ingress.1799340084.self": "false",
                            "ingress.1799340084.to_port": "-1",
                            "ingress.2541437006.cidr_blocks.#": "1",
                            "ingress.2541437006.cidr_blocks.0": "0.0.0.0/0",
                            "ingress.2541437006.from_port": "22",
                            "ingress.2541437006.ipv6_cidr_blocks.#": "0",
                            "ingress.2541437006.protocol": "tcp",
                            "ingress.2541437006.security_groups.#": "0",
                            "ingress.2541437006.self": "false",
                            "ingress.2541437006.to_port": "22",
                            "ingress.3272406892.cidr_blocks.#": "0",
                            "ingress.3272406892.from_port": "22",
                            "ingress.3272406892.ipv6_cidr_blocks.#": "0",
                            "ingress.3272406892.protocol": "tcp",
                            "ingress.3272406892.security_groups.#": "1",
                            "ingress.3272406892.security_groups.1419920652": "sg-44537d34",
                            "ingress.3272406892.self": "false",
                            "ingress.3272406892.to_port": "22",
                            "ingress.3812231266.cidr_blocks.#": "0",
                            "ingress.3812231266.from_port": "1433",
                            "ingress.3812231266.ipv6_cidr_blocks.#": "0",
                            "ingress.3812231266.protocol": "tcp",
                            "ingress.3812231266.security_groups.#": "1",
                            "ingress.3812231266.security_groups.1419920652": "sg-44537d34",
                            "ingress.3812231266.self": "false",
                            "ingress.3812231266.to_port": "1433",
                            "name": "vpc_db",
                            "owner_id": "957425063927",
                            "tags.%": "1",
                            "tags.Name": "DBServerSG",
                            "vpc_id": "vpc-aaf7c8d3"
                        },
                        "meta": {},
                        "tainted": false
                    },
                    "deposed": [],
                    "provider": ""
                },
                "aws_security_group.nat": {
                    "type": "aws_security_group",
                    "depends_on": [
                        "aws_vpc.default"
                    ],
                    "primary": {
                        "id": "sg-2d59775d",
                        "attributes": {
                            "description": "Allow traffic to pass from the private subnet to the internet",
                            "egress.#": "4",
                            "egress.1799340084.cidr_blocks.#": "1",
                            "egress.1799340084.cidr_blocks.0": "0.0.0.0/0",
                            "egress.1799340084.from_port": "-1",
                            "egress.1799340084.ipv6_cidr_blocks.#": "0",
                            "egress.1799340084.prefix_list_ids.#": "0",
                            "egress.1799340084.protocol": "icmp",
                            "egress.1799340084.security_groups.#": "0",
                            "egress.1799340084.self": "false",
                            "egress.1799340084.to_port": "-1",
                            "egress.2214680975.cidr_blocks.#": "1",
                            "egress.2214680975.cidr_blocks.0": "0.0.0.0/0",
                            "egress.2214680975.from_port": "80",
                            "egress.2214680975.ipv6_cidr_blocks.#": "0",
                            "egress.2214680975.prefix_list_ids.#": "0",
                            "egress.2214680975.protocol": "tcp",
                            "egress.2214680975.security_groups.#": "0",
                            "egress.2214680975.self": "false",
                            "egress.2214680975.to_port": "80",
                            "egress.2617001939.cidr_blocks.#": "1",
                            "egress.2617001939.cidr_blocks.0": "0.0.0.0/0",
                            "egress.2617001939.from_port": "443",
                            "egress.2617001939.ipv6_cidr_blocks.#": "0",
                            "egress.2617001939.prefix_list_ids.#": "0",
                            "egress.2617001939.protocol": "tcp",
                            "egress.2617001939.security_groups.#": "0",
                            "egress.2617001939.self": "false",
                            "egress.2617001939.to_port": "443",
                            "egress.931551850.cidr_blocks.#": "1",
                            "egress.931551850.cidr_blocks.0": "10.0.0.0/16",
                            "egress.931551850.from_port": "22",
                            "egress.931551850.ipv6_cidr_blocks.#": "0",
                            "egress.931551850.prefix_list_ids.#": "0",
                            "egress.931551850.protocol": "tcp",
                            "egress.931551850.security_groups.#": "0",
                            "egress.931551850.self": "false",
                            "egress.931551850.to_port": "22",
                            "id": "sg-2d59775d",
                            "ingress.#": "4",
                            "ingress.1799340084.cidr_blocks.#": "1",
                            "ingress.1799340084.cidr_blocks.0": "0.0.0.0/0",
                            "ingress.1799340084.from_port": "-1",
                            "ingress.1799340084.ipv6_cidr_blocks.#": "0",
                            "ingress.1799340084.protocol": "icmp",
                            "ingress.1799340084.security_groups.#": "0",
                            "ingress.1799340084.self": "false",
                            "ingress.1799340084.to_port": "-1",
                            "ingress.1829582617.cidr_blocks.#": "1",
                            "ingress.1829582617.cidr_blocks.0": "10.0.0.0/16",
                            "ingress.1829582617.from_port": "443",
                            "ingress.1829582617.ipv6_cidr_blocks.#": "0",
                            "ingress.1829582617.protocol": "tcp",
                            "ingress.1829582617.security_groups.#": "0",
                            "ingress.1829582617.self": "false",
                            "ingress.1829582617.to_port": "443",
                            "ingress.2165049311.cidr_blocks.#": "1",
                            "ingress.2165049311.cidr_blocks.0": "10.0.0.0/16",
                            "ingress.2165049311.from_port": "80",
                            "ingress.2165049311.ipv6_cidr_blocks.#": "0",
                            "ingress.2165049311.protocol": "tcp",
                            "ingress.2165049311.security_groups.#": "0",
                            "ingress.2165049311.self": "false",
                            "ingress.2165049311.to_port": "80",
                            "ingress.2541437006.cidr_blocks.#": "1",
                            "ingress.2541437006.cidr_blocks.0": "0.0.0.0/0",
                            "ingress.2541437006.from_port": "22",
                            "ingress.2541437006.ipv6_cidr_blocks.#": "0",
                            "ingress.2541437006.protocol": "tcp",
                            "ingress.2541437006.security_groups.#": "0",
                            "ingress.2541437006.self": "false",
                            "ingress.2541437006.to_port": "22",
                            "name": "vpc_nat",
                            "owner_id": "957425063927",
                            "tags.%": "1",
                            "tags.Name": "NATSG",
                            "vpc_id": "vpc-aaf7c8d3"
                        },
                        "meta": {},
                        "tainted": false
                    },
                    "deposed": [],
                    "provider": ""
                },
                "aws_security_group.web": {
                    "type": "aws_security_group",
                    "depends_on": [
                        "aws_vpc.default"
                    ],
                    "primary": {
                        "id": "sg-44537d34",
                        "attributes": {
                            "description": "Allow incoming HTTP connections.",
                            "egress.#": "3",
                            "egress.2176283147.cidr_blocks.#": "1",
                            "egress.2176283147.cidr_blocks.0": "10.0.1.0/24",
                            "egress.2176283147.from_port": "1433",
                            "egress.2176283147.ipv6_cidr_blocks.#": "0",
                            "egress.2176283147.prefix_list_ids.#": "0",
                            "egress.2176283147.protocol": "tcp",
                            "egress.2176283147.security_groups.#": "0",
                            "egress.2176283147.self": "false",
                            "egress.2176283147.to_port": "1433",
                            "egress.2541437006.cidr_blocks.#": "1",
                            "egress.2541437006.cidr_blocks.0": "0.0.0.0/0",
                            "egress.2541437006.from_port": "22",
                            "egress.2541437006.ipv6_cidr_blocks.#": "0",
                            "egress.2541437006.prefix_list_ids.#": "0",
                            "egress.2541437006.protocol": "tcp",
                            "egress.2541437006.security_groups.#": "0",
                            "egress.2541437006.self": "false",
                            "egress.2541437006.to_port": "22",
                            "egress.957905739.cidr_blocks.#": "1",
                            "egress.957905739.cidr_blocks.0": "10.0.1.0/24",
                            "egress.957905739.from_port": "3306",
                            "egress.957905739.ipv6_cidr_blocks.#": "0",
                            "egress.957905739.prefix_list_ids.#": "0",
                            "egress.957905739.protocol": "tcp",
                            "egress.957905739.security_groups.#": "0",
                            "egress.957905739.self": "false",
                            "egress.957905739.to_port": "3306",
                            "id": "sg-44537d34",
                            "ingress.#": "4",
                            "ingress.1799340084.cidr_blocks.#": "1",
                            "ingress.1799340084.cidr_blocks.0": "0.0.0.0/0",
                            "ingress.1799340084.from_port": "-1",
                            "ingress.1799340084.ipv6_cidr_blocks.#": "0",
                            "ingress.1799340084.protocol": "icmp",
                            "ingress.1799340084.security_groups.#": "0",
                            "ingress.1799340084.self": "false",
                            "ingress.1799340084.to_port": "-1",
                            "ingress.2214680975.cidr_blocks.#": "1",
                            "ingress.2214680975.cidr_blocks.0": "0.0.0.0/0",
                            "ingress.2214680975.from_port": "80",
                            "ingress.2214680975.ipv6_cidr_blocks.#": "0",
                            "ingress.2214680975.protocol": "tcp",
                            "ingress.2214680975.security_groups.#": "0",
                            "ingress.2214680975.self": "false",
                            "ingress.2214680975.to_port": "80",
                            "ingress.2541437006.cidr_blocks.#": "1",
                            "ingress.2541437006.cidr_blocks.0": "0.0.0.0/0",
                            "ingress.2541437006.from_port": "22",
                            "ingress.2541437006.ipv6_cidr_blocks.#": "0",
                            "ingress.2541437006.protocol": "tcp",
                            "ingress.2541437006.security_groups.#": "0",
                            "ingress.2541437006.self": "false",
                            "ingress.2541437006.to_port": "22",
                            "ingress.2617001939.cidr_blocks.#": "1",
                            "ingress.2617001939.cidr_blocks.0": "0.0.0.0/0",
                            "ingress.2617001939.from_port": "443",
                            "ingress.2617001939.ipv6_cidr_blocks.#": "0",
                            "ingress.2617001939.protocol": "tcp",
                            "ingress.2617001939.security_groups.#": "0",
                            "ingress.2617001939.self": "false",
                            "ingress.2617001939.to_port": "443",
                            "name": "vpc_web",
                            "owner_id": "957425063927",
                            "tags.%": "1",
                            "tags.Name": "WebServerSG",
                            "vpc_id": "vpc-aaf7c8d3"
                        },
                        "meta": {},
                        "tainted": false
                    },
                    "deposed": [],
                    "provider": ""
                },
                "aws_subnet.us-east-1-private": {
                    "type": "aws_subnet",
                    "depends_on": [
                        "aws_vpc.default"
                    ],
                    "primary": {
                        "id": "subnet-d200199a",
                        "attributes": {
                            "assign_ipv6_address_on_creation": "false",
                            "availability_zone": "us-east-1b",
                            "cidr_block": "10.0.1.0/24",
                            "id": "subnet-d200199a",
                            "map_public_ip_on_launch": "false",
                            "tags.%": "1",
                            "tags.Name": "Private Subnet",
                            "vpc_id": "vpc-aaf7c8d3"
                        },
                        "meta": {
                            "schema_version": "1"
                        },
                        "tainted": false
                    },
                    "deposed": [],
                    "provider": ""
                },
                "aws_subnet.us-east-1-public": {
                    "type": "aws_subnet",
                    "depends_on": [
                        "aws_vpc.default"
                    ],
                    "primary": {
                        "id": "subnet-a20f16ea",
                        "attributes": {
                            "assign_ipv6_address_on_creation": "false",
                            "availability_zone": "us-east-1b",
                            "cidr_block": "10.0.0.0/24",
                            "id": "subnet-a20f16ea",
                            "map_public_ip_on_launch": "false",
                            "tags.%": "1",
                            "tags.Name": "Public Subnet",
                            "vpc_id": "vpc-aaf7c8d3"
                        },
                        "meta": {
                            "schema_version": "1"
                        },
                        "tainted": false
                    },
                    "deposed": [],
                    "provider": ""
                },
                "aws_vpc.default": {
                    "type": "aws_vpc",
                    "depends_on": [],
                    "primary": {
                        "id": "vpc-aaf7c8d3",
                        "attributes": {
                            "assign_generated_ipv6_cidr_block": "false",
                            "cidr_block": "10.0.0.0/16",
                            "default_network_acl_id": "acl-0777de7f",
                            "default_route_table_id": "rtb-6b09b110",
                            "default_security_group_id": "sg-2b59775b",
                            "dhcp_options_id": "dopt-d02fbfb7",
                            "enable_classiclink": "false",
                            "enable_classiclink_dns_support": "false",
                            "enable_dns_hostnames": "true",
                            "enable_dns_support": "true",
                            "id": "vpc-aaf7c8d3",
                            "instance_tenancy": "default",
                            "main_route_table_id": "rtb-6b09b110",
                            "tags.%": "1",
                            "tags.Name": "webapp-aws-vpc"
                        },
                        "meta": {
                            "schema_version": "1"
                        },
                        "tainted": false
                    },
                    "deposed": [],
                    "provider": ""
                }
            },
            "depends_on": []
        }
    ]
}
